github.com/deckarep/golang-set v1.7.1 h1:SCQV0S6gTtp6itiFrTqI+pfmJ4LN85S1YzhDf9rTHJQ=
github.com/deckarep/golang-set v1.7.1/go.mod h1:93vsz/8Wt4joVM7c2AVqh+YRMiUSc14yDtF28KmMOgQ=
github.com/sony/sonyflake v1.0.0 h1:MpU6Ro7tfXwgn2l5eluf9xQvQJDROTBImNCfRXn/YeM=
github.com/sony/sonyflake v1.0.0/go.mod h1:Jv3cfhf/UFtolOTTRd3q4Nl6ENqM+KfyZ5PseKfZGF4=
